
Microsoft Visual Studio Solution File, Format Version 12.00
# Visual Studio Version 16
VisualStudioVersion = 16.0.29519.87
MinimumVisualStudioVersion = 10.0.40219.1
Project("{FAE04EC0-301F-11D3-BF4B-00C04F79EFBC}") = "RWTAPI", "RWTAPI\RWTAPI.csproj", "{8A60E2C4-0211-4570-A3F0-8686BAE4F638}"
EndProject
Project("{9A19103F-16F7-4668-BE54-9A1E7A4F7556}") = "RWT.Model", "..\..\..\Downloads\ER_Regency\Models\RWT.Model.csproj", "{5DA91007-775A-43EF-8881-FAF55C18022A}"
EndProject
Global
	GlobalSection(SolutionConfigurationPlatforms) = preSolution
		Debug|Any CPU = Debug|Any CPU
		Release|Any CPU = Release|Any CPU
	EndGlobalSection
	GlobalSection(ProjectConfigurationPlatforms) = postSolution
		{8A60E2C4-0211-4570-A3F0-8686BAE4F638}.Debug|Any CPU.ActiveCfg = Debug|Any CPU
		{8A60E2C4-0211-4570-A3F0-8686BAE4F638}.Debug|Any CPU.Build.0 = Debug|Any CPU
		{8A60E2C4-0211-4570-A3F0-8686BAE4F638}.Release|Any CPU.ActiveCfg = Release|Any CPU
		{8A60E2C4-0211-4570-A3F0-8686BAE4F638}.Release|Any CPU.Build.0 = Release|Any CPU
		{5DA91007-775A-43EF-8881-FAF55C18022A}.Debug|Any CPU.ActiveCfg = Debug|Any CPU
		{5DA91007-775A-43EF-8881-FAF55C18022A}.Debug|Any CPU.Build.0 = Debug|Any CPU
		{5DA91007-775A-43EF-8881-FAF55C18022A}.Release|Any CPU.ActiveCfg = Release|Any CPU
		{5DA91007-775A-43EF-8881-FAF55C18022A}.Release|Any CPU.Build.0 = Release|Any CPU
	EndGlobalSection
	GlobalSection(SolutionProperties) = preSolution
		HideSolutionNode = FALSE
	EndGlobalSection
	GlobalSection(ExtensibilityGlobals) = postSolution
		SolutionGuid = {993DF766-152F-48DF-9CA4-3650BB43A4D6}
	EndGlobalSection
EndGlobal
