
Microsoft Visual Studio Solution File, Format Version 12.00
# Visual Studio Version 16
VisualStudioVersion = 16.0.29519.87
MinimumVisualStudioVersion = 10.0.40219.1
Project("{FAE04EC0-301F-11D3-BF4B-00C04F79EFBC}") = "RevenDBQuery", "RevenDBQuery\RevenDBQuery.csproj", "{B4D323AD-5380-418C-A31A-37CE371F2D1E}"
EndProject
Global
	GlobalSection(SolutionConfigurationPlatforms) = preSolution
		Debug|Any CPU = Debug|Any CPU
		Release|Any CPU = Release|Any CPU
	EndGlobalSection
	GlobalSection(ProjectConfigurationPlatforms) = postSolution
		{B4D323AD-5380-418C-A31A-37CE371F2D1E}.Debug|Any CPU.ActiveCfg = Debug|Any CPU
		{B4D323AD-5380-418C-A31A-37CE371F2D1E}.Debug|Any CPU.Build.0 = Debug|Any CPU
		{B4D323AD-5380-418C-A31A-37CE371F2D1E}.Release|Any CPU.ActiveCfg = Release|Any CPU
		{B4D323AD-5380-418C-A31A-37CE371F2D1E}.Release|Any CPU.Build.0 = Release|Any CPU
	EndGlobalSection
	GlobalSection(SolutionProperties) = preSolution
		HideSolutionNode = FALSE
	EndGlobalSection
	GlobalSection(ExtensibilityGlobals) = postSolution
		SolutionGuid = {CC50F5E8-B124-426F-B5DC-5C07AD566531}
	EndGlobalSection
EndGlobal
